<?xml version="1.0" encoding="utf-8"?>
<Project ToolsVersion="4.0" xmlns="http://schemas.microsoft.com/developer/msbuild/2003">
  <ItemGroup>
    <Filter Include="Source Files">
      <UniqueIdentifier>{4FC737F1-C7A5-4376-A066-2A32D752A2FF}</UniqueIdentifier>
      <Extensions>cpp;c;cc;cxx;def;odl;idl;hpj;bat;asm;asmx</Extensions>
    </Filter>
    <Filter Include="Header Files">
      <UniqueIdentifier>{93995380-89BD-4b04-88EB-625FBE52EBFB}</UniqueIdentifier>
      <Extensions>h;hpp;hxx;hm;inl;inc;xsd</Extensions>
    </Filter>
    <Filter Include="Resource Files">
      <UniqueIdentifier>{67DA6AB6-F800-4c08-8B7A-83BB121AAD01}</UniqueIdentifier>
      <Extensions>rc;ico;cur;bmp;dlg;rc2;rct;bin;rgs;gif;jpg;jpeg;jpe;resx;tiff;tif;png;wav;mfcribbon-ms</Extensions>
    </Filter>
    <Filter Include="Shaders">
      <UniqueIdentifier>{a56a3c32-aec7-4596-b388-3a385927e0a9}</UniqueIdentifier>
    </Filter>
    <Filter Include="Header Files\Entity">
      <UniqueIdentifier>{b43de9d2-c44c-4e7f-ae8b-e5b179d20fb3}</UniqueIdentifier>
    </Filter>
    <Filter Include="Source Files\Entity">
      <UniqueIdentifier>{1b149cb3-d0b1-4f9a-a9a0-012c00d7a80d}</UniqueIdentifier>
    </Filter>
    <Filter Include="Header Files\Scene">
      <UniqueIdentifier>{440b46f6-0843-4177-9c60-01378b8e0b8b}</UniqueIdentifier>
    </Filter>
    <Filter Include="Source Files\Scene">
      <UniqueIdentifier>{5e495f6d-e456-435d-bb28-01cc890717de}</UniqueIdentifier>
    </Filter>
    <Filter Include="Header Files\Scene\Settings">
      <UniqueIdentifier>{3bde2e1c-6556-423b-8c16-678abcf571f9}</UniqueIdentifier>
    </Filter>
    <Filter Include="Header Files\Scene\Graph">
      <UniqueIdentifier>{89a1b9b4-1c5b-4029-b6a3-3f2a47a83e81}</UniqueIdentifier>
    </Filter>
    <Filter Include="Header Files\Gameplay">
      <UniqueIdentifier>{20fba136-5a15-457b-8fc4-3313f1163c71}</UniqueIdentifier>
    </Filter>
    <Filter Include="Source Files\Gameplay">
      <UniqueIdentifier>{231fc708-7a9a-4760-a96b-499d1a3fdfe3}</UniqueIdentifier>
    </Filter>
    <Filter Include="Header Files\Entity\Geometry">
      <UniqueIdentifier>{5bbc8adf-a92b-436c-a88e-049a980c5ae9}</UniqueIdentifier>
    </Filter>
    <Filter Include="Source Files\Entity\Geometry">
      <UniqueIdentifier>{35dbf469-1be9-4544-82c9-1da2af1ac2b4}</UniqueIdentifier>
    </Filter>
    <Filter Include="Source Files\Scene\Graph">
      <UniqueIdentifier>{6b31d84f-a412-473c-8845-4a482c9454da}</UniqueIdentifier>
    </Filter>
    <Filter Include="Source Files\Scene\Settings">
      <UniqueIdentifier>{47d62b49-601e-4b59-9ff0-375d5837e7dc}</UniqueIdentifier>
    </Filter>
  </ItemGroup>
  <ItemGroup>
    <ClCompile Include="main.cpp">
      <Filter>Source Files</Filter>
    </ClCompile>
    <ClCompile Include="model.cpp">
      <Filter>Source Files\Entity\Geometry</Filter>
    </ClCompile>
    <ClCompile Include="object.cpp">
      <Filter>Source Files\Entity</Filter>
    </ClCompile>
    <ClCompile Include="gun.cpp">
      <Filter>Source Files\Gameplay</Filter>
    </ClCompile>
    <ClCompile Include="player.cpp">
      <Filter>Source Files\Gameplay</Filter>
    </ClCompile>
    <ClCompile Include="weapon.cpp">
      <Filter>Source Files\Gameplay</Filter>
    </ClCompile>
    <ClCompile Include="scene.cpp">
      <Filter>Source Files\Scene</Filter>
    </ClCompile>
    <ClCompile Include="camera.cpp">
      <Filter>Source Files\Scene</Filter>
    </ClCompile>
    <ClCompile Include="scene_settings.cpp">
      <Filter>Source Files\Scene\Settings</Filter>
    </ClCompile>
    <ClCompile Include="aabb.cpp">
      <Filter>Source Files\Scene\Graph</Filter>
    </ClCompile>
    <ClCompile Include="node.cpp">
      <Filter>Source Files\Scene\Graph</Filter>
    </ClCompile>
    <ClCompile Include="octree.cpp">
      <Filter>Source Files\Scene\Graph</Filter>
    </ClCompile>
    <ClCompile Include="quadtree.cpp">
      <Filter>Source Files\Scene\Graph</Filter>
    </ClCompile>
    <ClCompile Include="scene_graph.cpp">
      <Filter>Source Files\Scene\Graph</Filter>
    </ClCompile>
    <ClCompile Include="shadow_map.cpp">
      <Filter>Source Files\Scene</Filter>
    </ClCompile>
    <ClCompile Include="material.cpp">
      <Filter>Source Files\Entity</Filter>
    </ClCompile>
    <ClCompile Include="geometry.cpp">
      <Filter>Source Files\Entity\Geometry</Filter>
    </ClCompile>
    <ClCompile Include="utility.cpp">
      <Filter>Source Files\Scene</Filter>
    </ClCompile>
    <ClCompile Include="fbo.cpp">
      <Filter>Source Files\Scene</Filter>
    </ClCompile>
  </ItemGroup>
  <ItemGroup>
    <ClInclude Include="main.h">
      <Filter>Header Files</Filter>
    </ClInclude>
    <ClInclude Include="camera.h">
      <Filter>Header Files\Scene</Filter>
    </ClInclude>
    <ClInclude Include="scene.h">
      <Filter>Header Files\Scene</Filter>
    </ClInclude>
    <ClInclude Include="player.h">
      <Filter>Header Files\Gameplay</Filter>
    </ClInclude>
    <ClInclude Include="gun.h">
      <Filter>Header Files\Gameplay</Filter>
    </ClInclude>
    <ClInclude Include="material.h">
      <Filter>Header Files\Entity</Filter>
    </ClInclude>
    <ClInclude Include="scene_settings.h">
      <Filter>Header Files\Scene\Settings</Filter>
    </ClInclude>
    <ClInclude Include="aabb.h">
      <Filter>Header Files\Scene\Graph</Filter>
    </ClInclude>
    <ClInclude Include="scene_graph.h">
      <Filter>Header Files\Scene\Graph</Filter>
    </ClInclude>
    <ClInclude Include="video.h">
      <Filter>Header Files\Scene\Settings</Filter>
    </ClInclude>
    <ClInclude Include="audio.h">
      <Filter>Header Files\Scene\Settings</Filter>
    </ClInclude>
    <ClInclude Include="mouse.h">
      <Filter>Header Files\Scene\Settings</Filter>
    </ClInclude>
    <ClInclude Include="controls.h">
      <Filter>Header Files\Scene\Settings</Filter>
    </ClInclude>
    <ClInclude Include="node.h">
      <Filter>Header Files\Scene\Graph</Filter>
    </ClInclude>
    <ClInclude Include="vertex.h">
      <Filter>Header Files\Entity\Geometry</Filter>
    </ClInclude>
    <ClInclude Include="geometry.h">
      <Filter>Header Files\Entity\Geometry</Filter>
    </ClInclude>
    <ClInclude Include="face.h">
      <Filter>Header Files\Entity\Geometry</Filter>
    </ClInclude>
    <ClInclude Include="shader_uniforms.h">
      <Filter>Header Files\Entity</Filter>
    </ClInclude>
    <ClInclude Include="quadtree.h">
      <Filter>Header Files\Scene\Graph</Filter>
    </ClInclude>
    <ClInclude Include="octree.h">
      <Filter>Header Files\Scene\Graph</Filter>
    </ClInclude>
    <ClInclude Include="weapon.h">
      <Filter>Header Files\Gameplay</Filter>
    </ClInclude>
    <ClInclude Include="model.h">
      <Filter>Header Files\Entity\Geometry</Filter>
    </ClInclude>
    <ClInclude Include="object.h">
      <Filter>Header Files\Entity</Filter>
    </ClInclude>
    <ClInclude Include="shadow_map.h">
      <Filter>Header Files\Scene</Filter>
    </ClInclude>
    <ClInclude Include="_TODO.txt">
      <Filter>Header Files</Filter>
    </ClInclude>
    <ClInclude Include="utility.h">
      <Filter>Header Files\Scene</Filter>
    </ClInclude>
    <ClInclude Include="fbo.h">
      <Filter>Header Files\Scene</Filter>
    </ClInclude>
  </ItemGroup>
  <ItemGroup>
    <None Include="shaders\phong.vert">
      <Filter>Shaders</Filter>
    </None>
    <None Include="shaders\phong.frag">
      <Filter>Shaders</Filter>
    </None>
    <None Include="shaders\shadow.frag">
      <Filter>Shaders</Filter>
    </None>
    <None Include="shaders\shadow.vert">
      <Filter>Shaders</Filter>
    </None>
    <None Include="shaders\fsQuad.frag">
      <Filter>Shaders</Filter>
    </None>
    <None Include="shaders\fsQuad.vert">
      <Filter>Shaders</Filter>
    </None>
    <None Include="shaders\phong.geom">
      <Filter>Shaders</Filter>
    </None>
    <None Include="shaders\instancing.vert">
      <Filter>Shaders</Filter>
    </None>
    <None Include="shaders\instancing.frag">
      <Filter>Shaders</Filter>
    </None>
    <None Include="shaders\fsQuad2.frag">
      <Filter>Shaders</Filter>
    </None>
    <None Include="shaders\fsQuad2.vert">
      <Filter>Shaders</Filter>
    </None>
  </ItemGroup>
  <ItemGroup>
    <Text Include="level.txt">
      <Filter>Source Files</Filter>
    </Text>
  </ItemGroup>
</Project>